
Microsoft Visual Studio Solution File, Format Version 12.00
# Visual Studio Version 17
VisualStudioVersion = 17.0.31903.59
MinimumVisualStudioVersion = 10.0.40219.1
Project("{2150E333-8FDC-42A3-9474-1A3956D46DE8}") = "src", "src", "{E6C11790-D272-43C0-AB68-50B700AAAA8C}"
EndProject
Project("{FAE04EC0-301F-11D3-BF4B-00C04F79EFBC}") = "ConsoleTestApp", "src\ConsoleTestApp\ConsoleTestApp.csproj", "{553D0D9D-C34E-4BF4-A81A-D57EA21B6009}"
EndProject
Project("{FAE04EC0-301F-11D3-BF4B-00C04F79EFBC}") = "WebServer", "src\WebServer\WebServer.csproj", "{B82AF9A9-D1EB-4A5D-A91D-ABEF64A5F5A7}"
EndProject
Project("{2150E333-8FDC-42A3-9474-1A3956D46DE8}") = "projectFiles", "projectFiles", "{E0BFA130-CA27-4D45-B8BB-D8042EC11CF6}"
	ProjectSection(SolutionItems) = preProject
		README.md = README.md
		.editorconfig = .editorconfig
		global.json = global.json
	EndProjectSection
EndProject
Global
	GlobalSection(SolutionConfigurationPlatforms) = preSolution
		Debug|Any CPU = Debug|Any CPU
		Release|Any CPU = Release|Any CPU
	EndGlobalSection
	GlobalSection(ProjectConfigurationPlatforms) = postSolution
		{553D0D9D-C34E-4BF4-A81A-D57EA21B6009}.Debug|Any CPU.ActiveCfg = Debug|Any CPU
		{553D0D9D-C34E-4BF4-A81A-D57EA21B6009}.Debug|Any CPU.Build.0 = Debug|Any CPU
		{553D0D9D-C34E-4BF4-A81A-D57EA21B6009}.Release|Any CPU.ActiveCfg = Release|Any CPU
		{553D0D9D-C34E-4BF4-A81A-D57EA21B6009}.Release|Any CPU.Build.0 = Release|Any CPU
		{B82AF9A9-D1EB-4A5D-A91D-ABEF64A5F5A7}.Debug|Any CPU.ActiveCfg = Debug|Any CPU
		{B82AF9A9-D1EB-4A5D-A91D-ABEF64A5F5A7}.Debug|Any CPU.Build.0 = Debug|Any CPU
		{B82AF9A9-D1EB-4A5D-A91D-ABEF64A5F5A7}.Release|Any CPU.ActiveCfg = Release|Any CPU
		{B82AF9A9-D1EB-4A5D-A91D-ABEF64A5F5A7}.Release|Any CPU.Build.0 = Release|Any CPU
	EndGlobalSection
	GlobalSection(SolutionProperties) = preSolution
		HideSolutionNode = FALSE
	EndGlobalSection
	GlobalSection(NestedProjects) = preSolution
		{553D0D9D-C34E-4BF4-A81A-D57EA21B6009} = {E6C11790-D272-43C0-AB68-50B700AAAA8C}
		{B82AF9A9-D1EB-4A5D-A91D-ABEF64A5F5A7} = {E6C11790-D272-43C0-AB68-50B700AAAA8C}
		{E0BFA130-CA27-4D45-B8BB-D8042EC11CF6} = {E6C11790-D272-43C0-AB68-50B700AAAA8C}
	EndGlobalSection
EndGlobal
